{
  "name": "sub",
  "version": "1.0.0",
  "lockfileVersion": 1,
  "requires": true,
  "dependencies": {
    "cocos-utils": {
      "version": "1.0.0",
      "resolved": "https://registry.npmjs.org/cocos-utils/-/cocos-utils-1.0.0.tgz",
      "integrity": "sha1-7RA80RX+e85k5Mc6PVLzjcVlrIs="
    }
  }
}
